
Microsoft Visual Studio Solution File, Format Version 12.00
# Visual Studio 15
VisualStudioVersion = 15.0.26730.3
MinimumVisualStudioVersion = 10.0.40219.1
Project("{FAE04EC0-301F-11D3-BF4B-00C04F79EFBC}") = "MvcMovie", "MvcMovie\MvcMovie.csproj", "{78EB10B4-2C99-4C88-942C-C2107BC381DD}"
EndProject
Global
	GlobalSection(SolutionConfigurationPlatforms) = preSolution
		Debug|Any CPU = Debug|Any CPU
		Release|Any CPU = Release|Any CPU
	EndGlobalSection
	GlobalSection(ProjectConfigurationPlatforms) = postSolution
		{78EB10B4-2C99-4C88-942C-C2107BC381DD}.Debug|Any CPU.ActiveCfg = Debug|Any CPU
		{78EB10B4-2C99-4C88-942C-C2107BC381DD}.Debug|Any CPU.Build.0 = Debug|Any CPU
		{78EB10B4-2C99-4C88-942C-C2107BC381DD}.Release|Any CPU.ActiveCfg = Release|Any CPU
		{78EB10B4-2C99-4C88-942C-C2107BC381DD}.Release|Any CPU.Build.0 = Release|Any CPU
	EndGlobalSection
	GlobalSection(SolutionProperties) = preSolution
		HideSolutionNode = FALSE
	EndGlobalSection
	GlobalSection(ExtensibilityGlobals) = postSolution
		SolutionGuid = {ABE9D986-01AD-4CF6-9455-68BF9060755E}
	EndGlobalSection
EndGlobal
